
Microsoft Visual Studio Solution File, Format Version 12.00
# Visual Studio Version 17
VisualStudioVersion = 17.7.34031.279
MinimumVisualStudioVersion = 10.0.40219.1
Project("{9A19103F-16F7-4668-BE54-9A1E7A4F7556}") = "Academy.App", "Academy.App\Academy.App.csproj", "{2AC4ECF8-A902-4142-BD62-5E09C50D1405}"
EndProject
Project("{9A19103F-16F7-4668-BE54-9A1E7A4F7556}") = "Academy.Core", "Academy.Core\Academy.Core.csproj", "{3EAB0815-4FD8-4B6E-8117-865BAC9BE476}"
EndProject
Project("{FAE04EC0-301F-11D3-BF4B-00C04F79EFBC}") = "Academy.Data", "Academy.Data\Academy.Data.csproj", "{3B2883C9-A2E1-4FBF-8498-C0CE9723191F}"
EndProject
Project("{FAE04EC0-301F-11D3-BF4B-00C04F79EFBC}") = "Academy.Service", "Academy.Service\Academy.Service.csproj", "{FE80ACD7-D96B-4541-AB68-2A2E8BD25F81}"
EndProject
Global
	GlobalSection(SolutionConfigurationPlatforms) = preSolution
		Debug|Any CPU = Debug|Any CPU
		Release|Any CPU = Release|Any CPU
	EndGlobalSection
	GlobalSection(ProjectConfigurationPlatforms) = postSolution
		{2AC4ECF8-A902-4142-BD62-5E09C50D1405}.Debug|Any CPU.ActiveCfg = Debug|Any CPU
		{2AC4ECF8-A902-4142-BD62-5E09C50D1405}.Debug|Any CPU.Build.0 = Debug|Any CPU
		{2AC4ECF8-A902-4142-BD62-5E09C50D1405}.Release|Any CPU.ActiveCfg = Release|Any CPU
		{2AC4ECF8-A902-4142-BD62-5E09C50D1405}.Release|Any CPU.Build.0 = Release|Any CPU
		{3EAB0815-4FD8-4B6E-8117-865BAC9BE476}.Debug|Any CPU.ActiveCfg = Debug|Any CPU
		{3EAB0815-4FD8-4B6E-8117-865BAC9BE476}.Debug|Any CPU.Build.0 = Debug|Any CPU
		{3EAB0815-4FD8-4B6E-8117-865BAC9BE476}.Release|Any CPU.ActiveCfg = Release|Any CPU
		{3EAB0815-4FD8-4B6E-8117-865BAC9BE476}.Release|Any CPU.Build.0 = Release|Any CPU
		{3B2883C9-A2E1-4FBF-8498-C0CE9723191F}.Debug|Any CPU.ActiveCfg = Debug|Any CPU
		{3B2883C9-A2E1-4FBF-8498-C0CE9723191F}.Debug|Any CPU.Build.0 = Debug|Any CPU
		{3B2883C9-A2E1-4FBF-8498-C0CE9723191F}.Release|Any CPU.ActiveCfg = Release|Any CPU
		{3B2883C9-A2E1-4FBF-8498-C0CE9723191F}.Release|Any CPU.Build.0 = Release|Any CPU
		{FE80ACD7-D96B-4541-AB68-2A2E8BD25F81}.Debug|Any CPU.ActiveCfg = Debug|Any CPU
		{FE80ACD7-D96B-4541-AB68-2A2E8BD25F81}.Debug|Any CPU.Build.0 = Debug|Any CPU
		{FE80ACD7-D96B-4541-AB68-2A2E8BD25F81}.Release|Any CPU.ActiveCfg = Release|Any CPU
		{FE80ACD7-D96B-4541-AB68-2A2E8BD25F81}.Release|Any CPU.Build.0 = Release|Any CPU
	EndGlobalSection
	GlobalSection(SolutionProperties) = preSolution
		HideSolutionNode = FALSE
	EndGlobalSection
	GlobalSection(ExtensibilityGlobals) = postSolution
		SolutionGuid = {83E2AC80-E76C-47FA-9C0F-50E85C25921F}
	EndGlobalSection
EndGlobal
